
Microsoft Visual Studio Solution File, Format Version 12.00
# Visual Studio Version 17
VisualStudioVersion = 17.14.37628.2 d17.14
MinimumVisualStudioVersion = 10.0.40219.1
Project("{FAE04EC0-301F-11D3-BF4B-00C04F79EFBC}") = "RaceDay.API.Tests", "RaceDay.API.Tests.csproj", "{0534A603-8B5A-4298-9343-C1F135824C82}"
EndProject
Project("{FAE04EC0-301F-11D3-BF4B-00C04F79EFBC}") = "RaceDay.API", "..\RaceDay.API\RaceDay.API.csproj", "{681E7183-2CA2-81D8-A16E-78E6B3E1BF1F}"
EndProject
Global
	GlobalSection(SolutionConfigurationPlatforms) = preSolution
		Debug|Any CPU = Debug|Any CPU
		Release|Any CPU = Release|Any CPU
	EndGlobalSection
	GlobalSection(ProjectConfigurationPlatforms) = postSolution
		{0534A603-8B5A-4298-9343-C1F135824C82}.Debug|Any CPU.ActiveCfg = Debug|Any CPU
		{0534A603-8B5A-4298-9343-C1F135824C82}.Debug|Any CPU.Build.0 = Debug|Any CPU
		{0534A603-8B5A-4298-9343-C1F135824C82}.Release|Any CPU.ActiveCfg = Release|Any CPU
		{0534A603-8B5A-4298-9343-C1F135824C82}.Release|Any CPU.Build.0 = Release|Any CPU
		{681E7183-2CA2-81D8-A16E-78E6B3E1BF1F}.Debug|Any CPU.ActiveCfg = Debug|Any CPU
		{681E7183-2CA2-81D8-A16E-78E6B3E1BF1F}.Debug|Any CPU.Build.0 = Debug|Any CPU
		{681E7183-2CA2-81D8-A16E-78E6B3E1BF1F}.Release|Any CPU.ActiveCfg = Release|Any CPU
		{681E7183-2CA2-81D8-A16E-78E6B3E1BF1F}.Release|Any CPU.Build.0 = Release|Any CPU
	EndGlobalSection
	GlobalSection(SolutionProperties) = preSolution
		HideSolutionNode = FALSE
	EndGlobalSection
	GlobalSection(ExtensibilityGlobals) = postSolution
		SolutionGuid = {E325B574-A8E0-47E5-95A0-E31053DCED04}
	EndGlobalSection
EndGlobal
